{
    "version": 3,
    "terraform_version": "0.11.9",
    "serial": 17,
    "lineage": "04f52fa6-ff9a-fef4-297b-9b0d43f28e92",
    "modules": [
        {
            "path": [
                "root"
            ],
            "outputs": {},
            "resources": {
                "aws_cloudwatch_metric_alarm.alarm.0": {
                    "type": "aws_cloudwatch_metric_alarm",
                    "depends_on": [
                        "aws_route53_health_check.health_check.*"
                    ],
                    "primary": {
                        "id": "Alarm1-nbg1",
                        "attributes": {
                            "actions_enabled": "true",
                            "alarm_actions.#": "1",
                            "alarm_actions.4287824683": "arn:aws:sns:us-east-1:991445153020:Nuremberg1_is_down",
                            "alarm_description": "This metric monitors streaming server nuremberg livestream",
                            "alarm_name": "Alarm1-nbg1",
                            "arn": "arn:aws:cloudwatch:us-east-1:991445153020:alarm:Alarm1-nbg1",
                            "comparison_operator": "LessThanThreshold",
                            "datapoints_to_alarm": "0",
                            "dimensions.%": "1",
                            "dimensions.HealthCheckId": "528086a7-f7d6-45dd-acf1-181f87446866",
                            "evaluate_low_sample_count_percentiles": "",
                            "evaluation_periods": "1",
                            "extended_statistic": "",
                            "id": "Alarm1-nbg1",
                            "insufficient_data_actions.#": "0",
                            "metric_name": "HealthCheckStatus",
                            "namespace": "AWS/Route53",
                            "ok_actions.#": "0",
                            "period": "60",
                            "statistic": "Minimum",
                            "threshold": "1",
                            "treat_missing_data": "missing",
                            "unit": ""
                        },
                        "meta": {
                            "schema_version": "1"
                        },
                        "tainted": false
                    },
                    "deposed": [],
                    "provider": "provider.aws"
                },
                "aws_cloudwatch_metric_alarm.alarm.1": {
                    "type": "aws_cloudwatch_metric_alarm",
                    "depends_on": [
                        "aws_route53_health_check.health_check.*"
                    ],
                    "primary": {
                        "id": "Alarm2-fsn1",
                        "attributes": {
                            "actions_enabled": "true",
                            "alarm_actions.#": "1",
                            "alarm_actions.4287824683": "arn:aws:sns:us-east-1:991445153020:Nuremberg1_is_down",
                            "alarm_description": "This metric monitors streaming server nuremberg livestream",
                            "alarm_name": "Alarm2-fsn1",
                            "arn": "arn:aws:cloudwatch:us-east-1:991445153020:alarm:Alarm2-fsn1",
                            "comparison_operator": "LessThanThreshold",
                            "datapoints_to_alarm": "0",
                            "dimensions.%": "1",
                            "dimensions.HealthCheckId": "0099e186-52ca-4e1d-82f8-90570d57a4b0",
                            "evaluate_low_sample_count_percentiles": "",
                            "evaluation_periods": "1",
                            "extended_statistic": "",
                            "id": "Alarm2-fsn1",
                            "insufficient_data_actions.#": "0",
                            "metric_name": "HealthCheckStatus",
                            "namespace": "AWS/Route53",
                            "ok_actions.#": "0",
                            "period": "60",
                            "statistic": "Minimum",
                            "threshold": "1",
                            "treat_missing_data": "missing",
                            "unit": ""
                        },
                        "meta": {
                            "schema_version": "1"
                        },
                        "tainted": false
                    },
                    "deposed": [],
                    "provider": "provider.aws"
                },
                "aws_route53_health_check.health_check.0": {
                    "type": "aws_route53_health_check",
                    "depends_on": [
                        "hcloud_server.video.*"
                    ],
                    "primary": {
                        "id": "528086a7-f7d6-45dd-acf1-181f87446866",
                        "attributes": {
                            "child_health_threshold": "0",
                            "child_healthchecks.#": "0",
                            "enable_sni": "false",
                            "failure_threshold": "3",
                            "fqdn": "",
                            "id": "528086a7-f7d6-45dd-acf1-181f87446866",
                            "insufficient_data_health_status": "",
                            "invert_healthcheck": "false",
                            "ip_address": "159.69.152.110",
                            "measure_latency": "false",
                            "port": "80",
                            "regions.#": "0",
                            "request_interval": "10",
                            "resource_path": "/live/livestream.m3u8",
                            "search_string": "",
                            "tags.%": "1",
                            "tags.Name": "HealthCheck1-nbg1",
                            "type": "HTTP"
                        },
                        "meta": {},
                        "tainted": false
                    },
                    "deposed": [],
                    "provider": "provider.aws"
                },
                "aws_route53_health_check.health_check.1": {
                    "type": "aws_route53_health_check",
                    "depends_on": [
                        "hcloud_server.video.*"
                    ],
                    "primary": {
                        "id": "0099e186-52ca-4e1d-82f8-90570d57a4b0",
                        "attributes": {
                            "child_health_threshold": "0",
                            "child_healthchecks.#": "0",
                            "enable_sni": "false",
                            "failure_threshold": "3",
                            "fqdn": "",
                            "id": "0099e186-52ca-4e1d-82f8-90570d57a4b0",
                            "insufficient_data_health_status": "",
                            "invert_healthcheck": "false",
                            "ip_address": "159.69.179.73",
                            "measure_latency": "false",
                            "port": "80",
                            "regions.#": "0",
                            "request_interval": "10",
                            "resource_path": "/live/livestream.m3u8",
                            "search_string": "",
                            "tags.%": "1",
                            "tags.Name": "HealthCheck2-fsn1",
                            "type": "HTTP"
                        },
                        "meta": {},
                        "tainted": false
                    },
                    "deposed": [],
                    "provider": "provider.aws"
                },
                "aws_route53_record.push.0": {
                    "type": "aws_route53_record",
                    "depends_on": [
                        "hcloud_server.video.*"
                    ],
                    "primary": {
                        "id": "Z15ZD56PW5R6X3_1.tradefox.biz._A",
                        "attributes": {
                            "allow_overwrite": "true",
                            "fqdn": "1.tradefox.biz",
                            "id": "Z15ZD56PW5R6X3_1.tradefox.biz._A",
                            "name": "1.tradefox.biz",
                            "records.#": "1",
                            "records.2942266693": "159.69.152.110",
                            "ttl": "60",
                            "type": "A",
                            "zone_id": "/hostedzone/Z15ZD56PW5R6X3"
                        },
                        "meta": {
                            "schema_version": "2"
                        },
                        "tainted": false
                    },
                    "deposed": [],
                    "provider": "provider.aws"
                },
                "aws_route53_record.push.1": {
                    "type": "aws_route53_record",
                    "depends_on": [
                        "hcloud_server.video.*"
                    ],
                    "primary": {
                        "id": "Z15ZD56PW5R6X3_2.tradefox.biz._A",
                        "attributes": {
                            "allow_overwrite": "true",
                            "fqdn": "2.tradefox.biz",
                            "id": "Z15ZD56PW5R6X3_2.tradefox.biz._A",
                            "name": "2.tradefox.biz",
                            "records.#": "1",
                            "records.1334406004": "159.69.179.73",
                            "ttl": "60",
                            "type": "A",
                            "zone_id": "/hostedzone/Z15ZD56PW5R6X3"
                        },
                        "meta": {
                            "schema_version": "2"
                        },
                        "tainted": false
                    },
                    "deposed": [],
                    "provider": "provider.aws"
                },
                "aws_route53_record.tradefox.0": {
                    "type": "aws_route53_record",
                    "depends_on": [
                        "aws_route53_health_check.health_check.*",
                        "hcloud_server.video.*"
                    ],
                    "primary": {
                        "id": "Z15ZD56PW5R6X3__A_1nbg1",
                        "attributes": {
                            "allow_overwrite": "true",
                            "fqdn": "tradefox.biz",
                            "health_check_id": "528086a7-f7d6-45dd-acf1-181f87446866",
                            "id": "Z15ZD56PW5R6X3__A_1nbg1",
                            "multivalue_answer_routing_policy": "true",
                            "records.#": "1",
                            "records.2942266693": "159.69.152.110",
                            "set_identifier": "1nbg1",
                            "ttl": "60",
                            "type": "A",
                            "zone_id": "/hostedzone/Z15ZD56PW5R6X3"
                        },
                        "meta": {
                            "schema_version": "2"
                        },
                        "tainted": false
                    },
                    "deposed": [],
                    "provider": "provider.aws"
                },
                "aws_route53_record.tradefox.1": {
                    "type": "aws_route53_record",
                    "depends_on": [
                        "aws_route53_health_check.health_check.*",
                        "hcloud_server.video.*"
                    ],
                    "primary": {
                        "id": "Z15ZD56PW5R6X3__A_2fsn1",
                        "attributes": {
                            "allow_overwrite": "true",
                            "fqdn": "tradefox.biz",
                            "health_check_id": "0099e186-52ca-4e1d-82f8-90570d57a4b0",
                            "id": "Z15ZD56PW5R6X3__A_2fsn1",
                            "multivalue_answer_routing_policy": "true",
                            "records.#": "1",
                            "records.1334406004": "159.69.179.73",
                            "set_identifier": "2fsn1",
                            "ttl": "60",
                            "type": "A",
                            "zone_id": "/hostedzone/Z15ZD56PW5R6X3"
                        },
                        "meta": {
                            "schema_version": "2"
                        },
                        "tainted": false
                    },
                    "deposed": [],
                    "provider": "provider.aws"
                },
                "data.hcloud_ssh_key.ssh_key_1": {
                    "type": "hcloud_ssh_key",
                    "depends_on": [],
                    "primary": {
                        "id": "70937",
                        "attributes": {
                            "fingerprint": "24:20:5e:eb:06:c2:22:2a:e4:25:f0:8b:ef:aa:de:43",
                            "id": "70937",
                            "labels.%": "0",
                            "name": "Hetzner-key",
                            "public_key": "ssh-rsa AAAAB3NzaC1yc2EAAAABJQAAAQEAkH+vC7UM45/JrD0UtGqc7lVpck6cqzHS9KPguHaJK31L4a74MirpcG+VPOctwIDbKaaT1TYjw5eTzENntdsSBT8CZD3xiGV/u1pCjGpc3SJxOFki1kjZIa07Ef3KRc55sqL3b9xI+03wZQUwvSYjLmADHhC5R6NwISN7WRRbx69wQmv0ueIS1XVUoW8iCuIZOo3OyJY68LTycDJjxjiUCgSx5mFLh7uUlWThUhHgiiPZXN9LZ3S9FeRv1rlMkZN5aK1V74cPclY+1f9QVRKT7Z/qos7Cuz1TbDuFzf1fx7AQASIb4ec+5KuKucT7GKdHbQ4O1CI3ghKw4oVGjAtHYw== rsa-key-20180612"
                        },
                        "meta": {},
                        "tainted": false
                    },
                    "deposed": [],
                    "provider": "provider.hcloud"
                },
                "hcloud_server.video.0": {
                    "type": "hcloud_server",
                    "depends_on": [
                        "data.hcloud_ssh_key.ssh_key_1"
                    ],
                    "primary": {
                        "id": "1266363",
                        "attributes": {
                            "backup_window": "",
                            "datacenter": "nbg1-dc3",
                            "id": "1266363",
                            "image": "ubuntu-18.04",
                            "ipv4_address": "159.69.152.110",
                            "ipv6_address": "2a01:4f8:1c0c:75cc::",
                            "ipv6_network": "2a01:4f8:1c0c:75cc::/64",
                            "keep_disk": "false",
                            "labels.%": "0",
                            "location": "nbg1",
                            "name": "VideoStreaming1-nbg1",
                            "server_type": "cx11",
                            "ssh_keys.#": "1",
                            "ssh_keys.0": "70937",
                            "status": "running"
                        },
                        "meta": {},
                        "tainted": false
                    },
                    "deposed": [],
                    "provider": "provider.hcloud"
                },
                "hcloud_server.video.1": {
                    "type": "hcloud_server",
                    "depends_on": [
                        "data.hcloud_ssh_key.ssh_key_1"
                    ],
                    "primary": {
                        "id": "1266362",
                        "attributes": {
                            "backup_window": "",
                            "datacenter": "fsn1-dc14",
                            "id": "1266362",
                            "image": "ubuntu-18.04",
                            "ipv4_address": "159.69.179.73",
                            "ipv6_address": "2a01:4f8:c010:1367::",
                            "ipv6_network": "2a01:4f8:c010:1367::/64",
                            "keep_disk": "false",
                            "labels.%": "0",
                            "location": "fsn1",
                            "name": "VideoStreaming2-fsn1",
                            "server_type": "cx11",
                            "ssh_keys.#": "1",
                            "ssh_keys.0": "70937",
                            "status": "running"
                        },
                        "meta": {},
                        "tainted": false
                    },
                    "deposed": [],
                    "provider": "provider.hcloud"
                }
            },
            "depends_on": []
        }
    ]
}
